// !$*UTF8*$!
{
	archiveVersion = 1;
	classes = {
	};
	objectVersion = 50;
	objects = {

/* Begin PBXBuildFile section */
		861485482624043600546202 /* Weather.swift in Sources */ = {isa = PBXBuildFile; fileRef = 861485472624043600546202 /* Weather.swift */; };
		861485512624045C00546202 /* WeatherService.swift in Sources */ = {isa = PBXBuildFile; fileRef = 861485502624045C00546202 /* WeatherService.swift */; };
		86245209262B11F2005E7D9F /* Icons.swift in Sources */ = {isa = PBXBuildFile; fileRef = 86245208262B11F1005E7D9F /* Icons.swift */; };
		864F3138262038FA009DFDE3 /* WeatherCollectionViewCell.swift in Sources */ = {isa = PBXBuildFile; fileRef = 864F3137262038F9009DFDE3 /* WeatherCollectionViewCell.swift */; };
		865CC904262BD69000B30EB2 /* CurrencyConverterServiceTest.swift in Sources */ = {isa = PBXBuildFile; fileRef = 865CC903262BD69000B30EB2 /* CurrencyConverterServiceTest.swift */; };
		865CC90C262BD6F700B30EB2 /* Currency.json in Resources */ = {isa = PBXBuildFile; fileRef = 865CC90B262BD6F700B30EB2 /* Currency.json */; };
		865CC911262BD73000B30EB2 /* FakeCurrencyResponseData.swift in Sources */ = {isa = PBXBuildFile; fileRef = 865CC910262BD73000B30EB2 /* FakeCurrencyResponseData.swift */; };
		865CC916262BDC9400B30EB2 /* URLSessionFake.swift in Sources */ = {isa = PBXBuildFile; fileRef = 865CC915262BDC9400B30EB2 /* URLSessionFake.swift */; };
		866063A6261B44F100539AEE /* AppDelegate.swift in Sources */ = {isa = PBXBuildFile; fileRef = 866063A5261B44F100539AEE /* AppDelegate.swift */; };
		866063AD261B44F100539AEE /* Main.storyboard in Resources */ = {isa = PBXBuildFile; fileRef = 866063AB261B44F100539AEE /* Main.storyboard */; };
		866063AF261B44F300539AEE /* Assets.xcassets in Resources */ = {isa = PBXBuildFile; fileRef = 866063AE261B44F300539AEE /* Assets.xcassets */; };
		866063B2261B44F300539AEE /* LaunchScreen.storyboard in Resources */ = {isa = PBXBuildFile; fileRef = 866063B0261B44F300539AEE /* LaunchScreen.storyboard */; };
		866063BD261B44F400539AEE /* TravelAppTests.swift in Sources */ = {isa = PBXBuildFile; fileRef = 866063BC261B44F400539AEE /* TravelAppTests.swift */; };
		866063C8261B44F400539AEE /* TravelAppUITests.swift in Sources */ = {isa = PBXBuildFile; fileRef = 866063C7261B44F400539AEE /* TravelAppUITests.swift */; };
		866063D9261B458900539AEE /* CurrencyVC.swift in Sources */ = {isa = PBXBuildFile; fileRef = 866063D8261B458900539AEE /* CurrencyVC.swift */; };
		866063E4261B473E00539AEE /* WeatherVC.swift in Sources */ = {isa = PBXBuildFile; fileRef = 866063E3261B473E00539AEE /* WeatherVC.swift */; };
		866063E9261B474800539AEE /* TranslationVC.swift in Sources */ = {isa = PBXBuildFile; fileRef = 866063E8261B474800539AEE /* TranslationVC.swift */; };
		86D0EB72262963DC00EDD7E4 /* Double+Ext.swift in Sources */ = {isa = PBXBuildFile; fileRef = 86D0EB71262963DC00EDD7E4 /* Double+Ext.swift */; };
		86FECA4826207DCE0016AEDE /* UITextField+Ext.swift in Sources */ = {isa = PBXBuildFile; fileRef = 86FECA4726207DCE0016AEDE /* UITextField+Ext.swift */; };
		86FECA562620868B0016AEDE /* CurrencyConverterService.swift in Sources */ = {isa = PBXBuildFile; fileRef = 86FECA552620868B0016AEDE /* CurrencyConverterService.swift */; };
		86FECA62262086ED0016AEDE /* Currency.swift in Sources */ = {isa = PBXBuildFile; fileRef = 86FECA61262086ED0016AEDE /* Currency.swift */; };
/* End PBXBuildFile section */

/* Begin PBXContainerItemProxy section */
		866063B9261B44F400539AEE /* PBXContainerItemProxy */ = {
			isa = PBXContainerItemProxy;
			containerPortal = 8660639A261B44F100539AEE /* Project object */;
			proxyType = 1;
			remoteGlobalIDString = 866063A1261B44F100539AEE;
			remoteInfo = TravelApp;
		};
		866063C4261B44F400539AEE /* PBXContainerItemProxy */ = {
			isa = PBXContainerItemProxy;
			containerPortal = 8660639A261B44F100539AEE /* Project object */;
			proxyType = 1;
			remoteGlobalIDString = 866063A1261B44F100539AEE;
			remoteInfo = TravelApp;
		};
/* End PBXContainerItemProxy section */

/* Begin PBXFileReference section */
		861485472624043600546202 /* Weather.swift */ = {isa = PBXFileReference; lastKnownFileType = sourcecode.swift; path = Weather.swift; sourceTree = "<group>"; };
		861485502624045C00546202 /* WeatherService.swift */ = {isa = PBXFileReference; lastKnownFileType = sourcecode.swift; path = WeatherService.swift; sourceTree = "<group>"; };
		86245208262B11F1005E7D9F /* Icons.swift */ = {isa = PBXFileReference; lastKnownFileType = sourcecode.swift; path = Icons.swift; sourceTree = "<group>"; };
		864F3137262038F9009DFDE3 /* WeatherCollectionViewCell.swift */ = {isa = PBXFileReference; lastKnownFileType = sourcecode.swift; path = WeatherCollectionViewCell.swift; sourceTree = "<group>"; };
		865CC903262BD69000B30EB2 /* CurrencyConverterServiceTest.swift */ = {isa = PBXFileReference; lastKnownFileType = sourcecode.swift; path = CurrencyConverterServiceTest.swift; sourceTree = "<group>"; };
		865CC90B262BD6F700B30EB2 /* Currency.json */ = {isa = PBXFileReference; lastKnownFileType = text.json; path = Currency.json; sourceTree = "<group>"; };
		865CC910262BD73000B30EB2 /* FakeCurrencyResponseData.swift */ = {isa = PBXFileReference; lastKnownFileType = sourcecode.swift; path = FakeCurrencyResponseData.swift; sourceTree = "<group>"; };
		865CC915262BDC9400B30EB2 /* URLSessionFake.swift */ = {isa = PBXFileReference; lastKnownFileType = sourcecode.swift; path = URLSessionFake.swift; sourceTree = "<group>"; };
		866063A2261B44F100539AEE /* TravelApp.app */ = {isa = PBXFileReference; explicitFileType = wrapper.application; includeInIndex = 0; path = TravelApp.app; sourceTree = BUILT_PRODUCTS_DIR; };
		866063A5261B44F100539AEE /* AppDelegate.swift */ = {isa = PBXFileReference; lastKnownFileType = sourcecode.swift; path = AppDelegate.swift; sourceTree = "<group>"; };
		866063AC261B44F100539AEE /* Base */ = {isa = PBXFileReference; lastKnownFileType = file.storyboard; name = Base; path = Base.lproj/Main.storyboard; sourceTree = "<group>"; };
		866063AE261B44F300539AEE /* Assets.xcassets */ = {isa = PBXFileReference; lastKnownFileType = folder.assetcatalog; path = Assets.xcassets; sourceTree = "<group>"; };
		866063B1261B44F300539AEE /* Base */ = {isa = PBXFileReference; lastKnownFileType = file.storyboard; name = Base; path = Base.lproj/LaunchScreen.storyboard; sourceTree = "<group>"; };
		866063B3261B44F300539AEE /* Info.plist */ = {isa = PBXFileReference; lastKnownFileType = text.plist.xml; path = Info.plist; sourceTree = "<group>"; };
		866063B8261B44F400539AEE /* TravelAppTests.xctest */ = {isa = PBXFileReference; explicitFileType = wrapper.cfbundle; includeInIndex = 0; path = TravelAppTests.xctest; sourceTree = BUILT_PRODUCTS_DIR; };
		866063BC261B44F400539AEE /* TravelAppTests.swift */ = {isa = PBXFileReference; lastKnownFileType = sourcecode.swift; path = TravelAppTests.swift; sourceTree = "<group>"; };
		866063BE261B44F400539AEE /* Info.plist */ = {isa = PBXFileReference; lastKnownFileType = text.plist.xml; path = Info.plist; sourceTree = "<group>"; };
		866063C3261B44F400539AEE /* TravelAppUITests.xctest */ = {isa = PBXFileReference; explicitFileType = wrapper.cfbundle; includeInIndex = 0; path = TravelAppUITests.xctest; sourceTree = BUILT_PRODUCTS_DIR; };
		866063C7261B44F400539AEE /* TravelAppUITests.swift */ = {isa = PBXFileReference; lastKnownFileType = sourcecode.swift; path = TravelAppUITests.swift; sourceTree = "<group>"; };
		866063C9261B44F400539AEE /* Info.plist */ = {isa = PBXFileReference; lastKnownFileType = text.plist.xml; path = Info.plist; sourceTree = "<group>"; };
		866063D8261B458900539AEE /* CurrencyVC.swift */ = {isa = PBXFileReference; lastKnownFileType = sourcecode.swift; path = CurrencyVC.swift; sourceTree = "<group>"; };
		866063E3261B473E00539AEE /* WeatherVC.swift */ = {isa = PBXFileReference; lastKnownFileType = sourcecode.swift; path = WeatherVC.swift; sourceTree = "<group>"; };
		866063E8261B474800539AEE /* TranslationVC.swift */ = {isa = PBXFileReference; lastKnownFileType = sourcecode.swift; path = TranslationVC.swift; sourceTree = "<group>"; };
		86D0EB71262963DC00EDD7E4 /* Double+Ext.swift */ = {isa = PBXFileReference; lastKnownFileType = sourcecode.swift; path = "Double+Ext.swift"; sourceTree = "<group>"; };
		86FECA4726207DCE0016AEDE /* UITextField+Ext.swift */ = {isa = PBXFileReference; lastKnownFileType = sourcecode.swift; path = "UITextField+Ext.swift"; sourceTree = "<group>"; };
		86FECA552620868B0016AEDE /* CurrencyConverterService.swift */ = {isa = PBXFileReference; lastKnownFileType = sourcecode.swift; path = CurrencyConverterService.swift; sourceTree = "<group>"; };
		86FECA61262086ED0016AEDE /* Currency.swift */ = {isa = PBXFileReference; lastKnownFileType = sourcecode.swift; path = Currency.swift; sourceTree = "<group>"; };
/* End PBXFileReference section */

/* Begin PBXFrameworksBuildPhase section */
		8660639F261B44F100539AEE /* Frameworks */ = {
			isa = PBXFrameworksBuildPhase;
			buildActionMask = 2147483647;
			files = (
			);
			runOnlyForDeploymentPostprocessing = 0;
		};
		866063B5261B44F400539AEE /* Frameworks */ = {
			isa = PBXFrameworksBuildPhase;
			buildActionMask = 2147483647;
			files = (
			);
			runOnlyForDeploymentPostprocessing = 0;
		};
		866063C0261B44F400539AEE /* Frameworks */ = {
			isa = PBXFrameworksBuildPhase;
			buildActionMask = 2147483647;
			files = (
			);
			runOnlyForDeploymentPostprocessing = 0;
		};
/* End PBXFrameworksBuildPhase section */

/* Begin PBXGroup section */
		8614854C2624044F00546202 /* Weather */ = {
			isa = PBXGroup;
			children = (
				861485472624043600546202 /* Weather.swift */,
				861485502624045C00546202 /* WeatherService.swift */,
			);
			path = Weather;
			sourceTree = "<group>";
		};
		865CC902262BD67400B30EB2 /* Currency */ = {
			isa = PBXGroup;
			children = (
				865CC903262BD69000B30EB2 /* CurrencyConverterServiceTest.swift */,
				865CC90B262BD6F700B30EB2 /* Currency.json */,
				865CC910262BD73000B30EB2 /* FakeCurrencyResponseData.swift */,
				865CC915262BDC9400B30EB2 /* URLSessionFake.swift */,
			);
			path = Currency;
			sourceTree = "<group>";
		};
		86606399261B44F100539AEE = {
			isa = PBXGroup;
			children = (
				866063A4261B44F100539AEE /* TravelApp */,
				866063BB261B44F400539AEE /* TravelAppTests */,
				866063C6261B44F400539AEE /* TravelAppUITests */,
				866063A3261B44F100539AEE /* Products */,
			);
			sourceTree = "<group>";
		};
		866063A3261B44F100539AEE /* Products */ = {
			isa = PBXGroup;
			children = (
				866063A2261B44F100539AEE /* TravelApp.app */,
				866063B8261B44F400539AEE /* TravelAppTests.xctest */,
				866063C3261B44F400539AEE /* TravelAppUITests.xctest */,
			);
			name = Products;
			sourceTree = "<group>";
		};
		866063A4261B44F100539AEE /* TravelApp */ = {
			isa = PBXGroup;
			children = (
				866063B3261B44F300539AEE /* Info.plist */,
				86FECA51262086400016AEDE /* Model */,
				86FECA50262086370016AEDE /* View */,
				86FECA4C2620862C0016AEDE /* Controller */,
				86FECA52262086540016AEDE /* Utils */,
			);
			path = TravelApp;
			sourceTree = "<group>";
		};
		866063BB261B44F400539AEE /* TravelAppTests */ = {
			isa = PBXGroup;
			children = (
				865CC902262BD67400B30EB2 /* Currency */,
				866063BC261B44F400539AEE /* TravelAppTests.swift */,
				866063BE261B44F400539AEE /* Info.plist */,
			);
			path = TravelAppTests;
			sourceTree = "<group>";
		};
		866063C6261B44F400539AEE /* TravelAppUITests */ = {
			isa = PBXGroup;
			children = (
				866063C7261B44F400539AEE /* TravelAppUITests.swift */,
				866063C9261B44F400539AEE /* Info.plist */,
			);
			path = TravelAppUITests;
			sourceTree = "<group>";
		};
		86FECA4C2620862C0016AEDE /* Controller */ = {
			isa = PBXGroup;
			children = (
				866063D8261B458900539AEE /* CurrencyVC.swift */,
				866063E3261B473E00539AEE /* WeatherVC.swift */,
				866063E8261B474800539AEE /* TranslationVC.swift */,
			);
			path = Controller;
			sourceTree = "<group>";
		};
		86FECA50262086370016AEDE /* View */ = {
			isa = PBXGroup;
			children = (
				864F3137262038F9009DFDE3 /* WeatherCollectionViewCell.swift */,
				866063AB261B44F100539AEE /* Main.storyboard */,
				866063AE261B44F300539AEE /* Assets.xcassets */,
				866063B0261B44F300539AEE /* LaunchScreen.storyboard */,
			);
			path = View;
			sourceTree = "<group>";
		};
		86FECA51262086400016AEDE /* Model */ = {
			isa = PBXGroup;
			children = (
				86FECA60262086E00016AEDE /* Currency */,
				8614854C2624044F00546202 /* Weather */,
			);
			path = Model;
			sourceTree = "<group>";
		};
		86FECA52262086540016AEDE /* Utils */ = {
			isa = PBXGroup;
			children = (
				86FECA54262086680016AEDE /* Extensions */,
				86FECA53262086600016AEDE /* Support */,
			);
			path = Utils;
			sourceTree = "<group>";
		};
		86FECA53262086600016AEDE /* Support */ = {
			isa = PBXGroup;
			children = (
				86245208262B11F1005E7D9F /* Icons.swift */,
				866063A5261B44F100539AEE /* AppDelegate.swift */,
			);
			path = Support;
			sourceTree = "<group>";
		};
		86FECA54262086680016AEDE /* Extensions */ = {
			isa = PBXGroup;
			children = (
				86FECA4726207DCE0016AEDE /* UITextField+Ext.swift */,
				86D0EB71262963DC00EDD7E4 /* Double+Ext.swift */,
			);
			path = Extensions;
			sourceTree = "<group>";
		};
		86FECA60262086E00016AEDE /* Currency */ = {
			isa = PBXGroup;
			children = (
				86FECA552620868B0016AEDE /* CurrencyConverterService.swift */,
				86FECA61262086ED0016AEDE /* Currency.swift */,
			);
			path = Currency;
			sourceTree = "<group>";
		};
/* End PBXGroup section */

/* Begin PBXNativeTarget section */
		866063A1261B44F100539AEE /* TravelApp */ = {
			isa = PBXNativeTarget;
			buildConfigurationList = 866063CC261B44F400539AEE /* Build configuration list for PBXNativeTarget "TravelApp" */;
			buildPhases = (
				8660639E261B44F100539AEE /* Sources */,
				8660639F261B44F100539AEE /* Frameworks */,
				866063A0261B44F100539AEE /* Resources */,
			);
			buildRules = (
			);
			dependencies = (
			);
			name = TravelApp;
			productName = TravelApp;
			productReference = 866063A2261B44F100539AEE /* TravelApp.app */;
			productType = "com.apple.product-type.application";
		};
		866063B7261B44F400539AEE /* TravelAppTests */ = {
			isa = PBXNativeTarget;
			buildConfigurationList = 866063CF261B44F400539AEE /* Build configuration list for PBXNativeTarget "TravelAppTests" */;
			buildPhases = (
				866063B4261B44F400539AEE /* Sources */,
				866063B5261B44F400539AEE /* Frameworks */,
				866063B6261B44F400539AEE /* Resources */,
			);
			buildRules = (
			);
			dependencies = (
				866063BA261B44F400539AEE /* PBXTargetDependency */,
			);
			name = TravelAppTests;
			productName = TravelAppTests;
			productReference = 866063B8261B44F400539AEE /* TravelAppTests.xctest */;
			productType = "com.apple.product-type.bundle.unit-test";
		};
		866063C2261B44F400539AEE /* TravelAppUITests */ = {
			isa = PBXNativeTarget;
			buildConfigurationList = 866063D2261B44F400539AEE /* Build configuration list for PBXNativeTarget "TravelAppUITests" */;
			buildPhases = (
				866063BF261B44F400539AEE /* Sources */,
				866063C0261B44F400539AEE /* Frameworks */,
				866063C1261B44F400539AEE /* Resources */,
			);
			buildRules = (
			);
			dependencies = (
				866063C5261B44F400539AEE /* PBXTargetDependency */,
			);
			name = TravelAppUITests;
			productName = TravelAppUITests;
			productReference = 866063C3261B44F400539AEE /* TravelAppUITests.xctest */;
			productType = "com.apple.product-type.bundle.ui-testing";
		};
/* End PBXNativeTarget section */

/* Begin PBXProject section */
		8660639A261B44F100539AEE /* Project object */ = {
			isa = PBXProject;
			attributes = {
				LastSwiftUpdateCheck = 1220;
				LastUpgradeCheck = 1220;
				TargetAttributes = {
					866063A1261B44F100539AEE = {
						CreatedOnToolsVersion = 12.2;
					};
					866063B7261B44F400539AEE = {
						CreatedOnToolsVersion = 12.2;
						TestTargetID = 866063A1261B44F100539AEE;
					};
					866063C2261B44F400539AEE = {
						CreatedOnToolsVersion = 12.2;
						TestTargetID = 866063A1261B44F100539AEE;
					};
				};
			};
			buildConfigurationList = 8660639D261B44F100539AEE /* Build configuration list for PBXProject "TravelApp" */;
			compatibilityVersion = "Xcode 9.3";
			developmentRegion = en;
			hasScannedForEncodings = 0;
			knownRegions = (
				en,
				Base,
			);
			mainGroup = 86606399261B44F100539AEE;
			productRefGroup = 866063A3261B44F100539AEE /* Products */;
			projectDirPath = "";
			projectRoot = "";
			targets = (
				866063A1261B44F100539AEE /* TravelApp */,
				866063B7261B44F400539AEE /* TravelAppTests */,
				866063C2261B44F400539AEE /* TravelAppUITests */,
			);
		};
/* End PBXProject section */

/* Begin PBXResourcesBuildPhase section */
		866063A0261B44F100539AEE /* Resources */ = {
			isa = PBXResourcesBuildPhase;
			buildActionMask = 2147483647;
			files = (
				866063B2261B44F300539AEE /* LaunchScreen.storyboard in Resources */,
				866063AF261B44F300539AEE /* Assets.xcassets in Resources */,
				866063AD261B44F100539AEE /* Main.storyboard in Resources */,
			);
			runOnlyForDeploymentPostprocessing = 0;
		};
		866063B6261B44F400539AEE /* Resources */ = {
			isa = PBXResourcesBuildPhase;
			buildActionMask = 2147483647;
			files = (
				865CC90C262BD6F700B30EB2 /* Currency.json in Resources */,
			);
			runOnlyForDeploymentPostprocessing = 0;
		};
		866063C1261B44F400539AEE /* Resources */ = {
			isa = PBXResourcesBuildPhase;
			buildActionMask = 2147483647;
			files = (
			);
			runOnlyForDeploymentPostprocessing = 0;
		};
/* End PBXResourcesBuildPhase section */

/* Begin PBXSourcesBuildPhase section */
		8660639E261B44F100539AEE /* Sources */ = {
			isa = PBXSourcesBuildPhase;
			buildActionMask = 2147483647;
			files = (
				861485512624045C00546202 /* WeatherService.swift in Sources */,
				864F3138262038FA009DFDE3 /* WeatherCollectionViewCell.swift in Sources */,
				86245209262B11F2005E7D9F /* Icons.swift in Sources */,
				86FECA562620868B0016AEDE /* CurrencyConverterService.swift in Sources */,
				86FECA4826207DCE0016AEDE /* UITextField+Ext.swift in Sources */,
				86D0EB72262963DC00EDD7E4 /* Double+Ext.swift in Sources */,
				866063A6261B44F100539AEE /* AppDelegate.swift in Sources */,
				861485482624043600546202 /* Weather.swift in Sources */,
				86FECA62262086ED0016AEDE /* Currency.swift in Sources */,
				866063E4261B473E00539AEE /* WeatherVC.swift in Sources */,
				866063E9261B474800539AEE /* TranslationVC.swift in Sources */,
				866063D9261B458900539AEE /* CurrencyVC.swift in Sources */,
			);
			runOnlyForDeploymentPostprocessing = 0;
		};
		866063B4261B44F400539AEE /* Sources */ = {
			isa = PBXSourcesBuildPhase;
			buildActionMask = 2147483647;
			files = (
				866063BD261B44F400539AEE /* TravelAppTests.swift in Sources */,
				865CC916262BDC9400B30EB2 /* URLSessionFake.swift in Sources */,
				865CC904262BD69000B30EB2 /* CurrencyConverterServiceTest.swift in Sources */,
				865CC911262BD73000B30EB2 /* FakeCurrencyResponseData.swift in Sources */,
			);
			runOnlyForDeploymentPostprocessing = 0;
		};
		866063BF261B44F400539AEE /* Sources */ = {
			isa = PBXSourcesBuildPhase;
			buildActionMask = 2147483647;
			files = (
				866063C8261B44F400539AEE /* TravelAppUITests.swift in Sources */,
			);
			runOnlyForDeploymentPostprocessing = 0;
		};
/* End PBXSourcesBuildPhase section */

/* Begin PBXTargetDependency section */
		866063BA261B44F400539AEE /* PBXTargetDependency */ = {
			isa = PBXTargetDependency;
			target = 866063A1261B44F100539AEE /* TravelApp */;
			targetProxy = 866063B9261B44F400539AEE /* PBXContainerItemProxy */;
		};
		866063C5261B44F400539AEE /* PBXTargetDependency */ = {
			isa = PBXTargetDependency;
			target = 866063A1261B44F100539AEE /* TravelApp */;
			targetProxy = 866063C4261B44F400539AEE /* PBXContainerItemProxy */;
		};
/* End PBXTargetDependency section */

/* Begin PBXVariantGroup section */
		866063AB261B44F100539AEE /* Main.storyboard */ = {
			isa = PBXVariantGroup;
			children = (
				866063AC261B44F100539AEE /* Base */,
			);
			name = Main.storyboard;
			sourceTree = "<group>";
		};
		866063B0261B44F300539AEE /* LaunchScreen.storyboard */ = {
			isa = PBXVariantGroup;
			children = (
				866063B1261B44F300539AEE /* Base */,
			);
			name = LaunchScreen.storyboard;
			sourceTree = "<group>";
		};
/* End PBXVariantGroup section */

/* Begin XCBuildConfiguration section */
		866063CA261B44F400539AEE /* Debug */ = {
			isa = XCBuildConfiguration;
			buildSettings = {
				ALWAYS_SEARCH_USER_PATHS = NO;
				CLANG_ANALYZER_NONNULL = YES;
				CLANG_ANALYZER_NUMBER_OBJECT_CONVERSION = YES_AGGRESSIVE;
				CLANG_CXX_LANGUAGE_STANDARD = "gnu++14";
				CLANG_CXX_LIBRARY = "libc++";
				CLANG_ENABLE_MODULES = YES;
				CLANG_ENABLE_OBJC_ARC = YES;
				CLANG_ENABLE_OBJC_WEAK = YES;
				CLANG_WARN_BLOCK_CAPTURE_AUTORELEASING = YES;
				CLANG_WARN_BOOL_CONVERSION = YES;
				CLANG_WARN_COMMA = YES;
				CLANG_WARN_CONSTANT_CONVERSION = YES;
				CLANG_WARN_DEPRECATED_OBJC_IMPLEMENTATIONS = YES;
				CLANG_WARN_DIRECT_OBJC_ISA_USAGE = YES_ERROR;
				CLANG_WARN_DOCUMENTATION_COMMENTS = YES;
				CLANG_WARN_EMPTY_BODY = YES;
				CLANG_WARN_ENUM_CONVERSION = YES;
				CLANG_WARN_INFINITE_RECURSION = YES;
				CLANG_WARN_INT_CONVERSION = YES;
				CLANG_WARN_NON_LITERAL_NULL_CONVERSION = YES;
				CLANG_WARN_OBJC_IMPLICIT_RETAIN_SELF = YES;
				CLANG_WARN_OBJC_LITERAL_CONVERSION = YES;
				CLANG_WARN_OBJC_ROOT_CLASS = YES_ERROR;
				CLANG_WARN_QUOTED_INCLUDE_IN_FRAMEWORK_HEADER = YES;
				CLANG_WARN_RANGE_LOOP_ANALYSIS = YES;
				CLANG_WARN_STRICT_PROTOTYPES = YES;
				CLANG_WARN_SUSPICIOUS_MOVE = YES;
				CLANG_WARN_UNGUARDED_AVAILABILITY = YES_AGGRESSIVE;
				CLANG_WARN_UNREACHABLE_CODE = YES;
				CLANG_WARN__DUPLICATE_METHOD_MATCH = YES;
				COPY_PHASE_STRIP = NO;
				DEBUG_INFORMATION_FORMAT = dwarf;
				ENABLE_STRICT_OBJC_MSGSEND = YES;
				ENABLE_TESTABILITY = YES;
				GCC_C_LANGUAGE_STANDARD = gnu11;
				GCC_DYNAMIC_NO_PIC = NO;
				GCC_NO_COMMON_BLOCKS = YES;
				GCC_OPTIMIZATION_LEVEL = 0;
				GCC_PREPROCESSOR_DEFINITIONS = (
					"DEBUG=1",
					"$(inherited)",
				);
				GCC_WARN_64_TO_32_BIT_CONVERSION = YES;
				GCC_WARN_ABOUT_RETURN_TYPE = YES_ERROR;
				GCC_WARN_UNDECLARED_SELECTOR = YES;
				GCC_WARN_UNINITIALIZED_AUTOS = YES_AGGRESSIVE;
				GCC_WARN_UNUSED_FUNCTION = YES;
				GCC_WARN_UNUSED_VARIABLE = YES;
				IPHONEOS_DEPLOYMENT_TARGET = 11.0;
				MTL_ENABLE_DEBUG_INFO = INCLUDE_SOURCE;
				MTL_FAST_MATH = YES;
				ONLY_ACTIVE_ARCH = YES;
				SDKROOT = iphoneos;
				SWIFT_ACTIVE_COMPILATION_CONDITIONS = DEBUG;
				SWIFT_OPTIMIZATION_LEVEL = "-Onone";
			};
			name = Debug;
		};
		866063CB261B44F400539AEE /* Release */ = {
			isa = XCBuildConfiguration;
			buildSettings = {
				ALWAYS_SEARCH_USER_PATHS = NO;
				CLANG_ANALYZER_NONNULL = YES;
				CLANG_ANALYZER_NUMBER_OBJECT_CONVERSION = YES_AGGRESSIVE;
				CLANG_CXX_LANGUAGE_STANDARD = "gnu++14";
				CLANG_CXX_LIBRARY = "libc++";
				CLANG_ENABLE_MODULES = YES;
				CLANG_ENABLE_OBJC_ARC = YES;
				CLANG_ENABLE_OBJC_WEAK = YES;
				CLANG_WARN_BLOCK_CAPTURE_AUTORELEASING = YES;
				CLANG_WARN_BOOL_CONVERSION = YES;
				CLANG_WARN_COMMA = YES;
				CLANG_WARN_CONSTANT_CONVERSION = YES;
				CLANG_WARN_DEPRECATED_OBJC_IMPLEMENTATIONS = YES;
				CLANG_WARN_DIRECT_OBJC_ISA_USAGE = YES_ERROR;
				CLANG_WARN_DOCUMENTATION_COMMENTS = YES;
				CLANG_WARN_EMPTY_BODY = YES;
				CLANG_WARN_ENUM_CONVERSION = YES;
				CLANG_WARN_INFINITE_RECURSION = YES;
				CLANG_WARN_INT_CONVERSION = YES;
				CLANG_WARN_NON_LITERAL_NULL_CONVERSION = YES;
				CLANG_WARN_OBJC_IMPLICIT_RETAIN_SELF = YES;
				CLANG_WARN_OBJC_LITERAL_CONVERSION = YES;
				CLANG_WARN_OBJC_ROOT_CLASS = YES_ERROR;
				CLANG_WARN_QUOTED_INCLUDE_IN_FRAMEWORK_HEADER = YES;
				CLANG_WARN_RANGE_LOOP_ANALYSIS = YES;
				CLANG_WARN_STRICT_PROTOTYPES = YES;
				CLANG_WARN_SUSPICIOUS_MOVE = YES;
				CLANG_WARN_UNGUARDED_AVAILABILITY = YES_AGGRESSIVE;
				CLANG_WARN_UNREACHABLE_CODE = YES;
				CLANG_WARN__DUPLICATE_METHOD_MATCH = YES;
				COPY_PHASE_STRIP = NO;
				DEBUG_INFORMATION_FORMAT = "dwarf-with-dsym";
				ENABLE_NS_ASSERTIONS = NO;
				ENABLE_STRICT_OBJC_MSGSEND = YES;
				GCC_C_LANGUAGE_STANDARD = gnu11;
				GCC_NO_COMMON_BLOCKS = YES;
				GCC_WARN_64_TO_32_BIT_CONVERSION = YES;
				GCC_WARN_ABOUT_RETURN_TYPE = YES_ERROR;
				GCC_WARN_UNDECLARED_SELECTOR = YES;
				GCC_WARN_UNINITIALIZED_AUTOS = YES_AGGRESSIVE;
				GCC_WARN_UNUSED_FUNCTION = YES;
				GCC_WARN_UNUSED_VARIABLE = YES;
				IPHONEOS_DEPLOYMENT_TARGET = 11.0;
				MTL_ENABLE_DEBUG_INFO = NO;
				MTL_FAST_MATH = YES;
				SDKROOT = iphoneos;
				SWIFT_COMPILATION_MODE = wholemodule;
				SWIFT_OPTIMIZATION_LEVEL = "-O";
				VALIDATE_PRODUCT = YES;
			};
			name = Release;
		};
		866063CD261B44F400539AEE /* Debug */ = {
			isa = XCBuildConfiguration;
			buildSettings = {
				ASSETCATALOG_COMPILER_APPICON_NAME = AppIcon;
				ASSETCATALOG_COMPILER_GLOBAL_ACCENT_COLOR_NAME = AccentColor;
				CODE_SIGN_STYLE = Automatic;
				DEVELOPMENT_TEAM = N96T5K2D2H;
				INFOPLIST_FILE = TravelApp/Info.plist;
				LD_RUNPATH_SEARCH_PATHS = (
					"$(inherited)",
					"@executable_path/Frameworks",
				);
				PRODUCT_BUNDLE_IDENTIFIER = oriapy.TravelApp;
				PRODUCT_NAME = "$(TARGET_NAME)";
				SWIFT_VERSION = 5.0;
				TARGETED_DEVICE_FAMILY = "1,2";
			};
			name = Debug;
		};
		866063CE261B44F400539AEE /* Release */ = {
			isa = XCBuildConfiguration;
			buildSettings = {
				ASSETCATALOG_COMPILER_APPICON_NAME = AppIcon;
				ASSETCATALOG_COMPILER_GLOBAL_ACCENT_COLOR_NAME = AccentColor;
				CODE_SIGN_STYLE = Automatic;
				DEVELOPMENT_TEAM = N96T5K2D2H;
				INFOPLIST_FILE = TravelApp/Info.plist;
				LD_RUNPATH_SEARCH_PATHS = (
					"$(inherited)",
					"@executable_path/Frameworks",
				);
				PRODUCT_BUNDLE_IDENTIFIER = oriapy.TravelApp;
				PRODUCT_NAME = "$(TARGET_NAME)";
				SWIFT_VERSION = 5.0;
				TARGETED_DEVICE_FAMILY = "1,2";
			};
			name = Release;
		};
		866063D0261B44F400539AEE /* Debug */ = {
			isa = XCBuildConfiguration;
			buildSettings = {
				ALWAYS_EMBED_SWIFT_STANDARD_LIBRARIES = YES;
				BUNDLE_LOADER = "$(TEST_HOST)";
				CODE_SIGN_STYLE = Automatic;
				DEVELOPMENT_TEAM = N96T5K2D2H;
				INFOPLIST_FILE = TravelAppTests/Info.plist;
				IPHONEOS_DEPLOYMENT_TARGET = 14.2;
				LD_RUNPATH_SEARCH_PATHS = (
					"$(inherited)",
					"@executable_path/Frameworks",
					"@loader_path/Frameworks",
				);
				PRODUCT_BUNDLE_IDENTIFIER = oriapy.TravelAppTests;
				PRODUCT_NAME = "$(TARGET_NAME)";
				SWIFT_VERSION = 5.0;
				TARGETED_DEVICE_FAMILY = "1,2";
				TEST_HOST = "$(BUILT_PRODUCTS_DIR)/TravelApp.app/TravelApp";
			};
			name = Debug;
		};
		866063D1261B44F400539AEE /* Release */ = {
			isa = XCBuildConfiguration;
			buildSettings = {
				ALWAYS_EMBED_SWIFT_STANDARD_LIBRARIES = YES;
				BUNDLE_LOADER = "$(TEST_HOST)";
				CODE_SIGN_STYLE = Automatic;
				DEVELOPMENT_TEAM = N96T5K2D2H;
				INFOPLIST_FILE = TravelAppTests/Info.plist;
				IPHONEOS_DEPLOYMENT_TARGET = 14.2;
				LD_RUNPATH_SEARCH_PATHS = (
					"$(inherited)",
					"@executable_path/Frameworks",
					"@loader_path/Frameworks",
				);
				PRODUCT_BUNDLE_IDENTIFIER = oriapy.TravelAppTests;
				PRODUCT_NAME = "$(TARGET_NAME)";
				SWIFT_VERSION = 5.0;
				TARGETED_DEVICE_FAMILY = "1,2";
				TEST_HOST = "$(BUILT_PRODUCTS_DIR)/TravelApp.app/TravelApp";
			};
			name = Release;
		};
		866063D3261B44F400539AEE /* Debug */ = {
			isa = XCBuildConfiguration;
			buildSettings = {
				ALWAYS_EMBED_SWIFT_STANDARD_LIBRARIES = YES;
				CODE_SIGN_STYLE = Automatic;
				DEVELOPMENT_TEAM = N96T5K2D2H;
				INFOPLIST_FILE = TravelAppUITests/Info.plist;
				LD_RUNPATH_SEARCH_PATHS = (
					"$(inherited)",
					"@executable_path/Frameworks",
					"@loader_path/Frameworks",
				);
				PRODUCT_BUNDLE_IDENTIFIER = oriapy.TravelAppUITests;
				PRODUCT_NAME = "$(TARGET_NAME)";
				SWIFT_VERSION = 5.0;
				TARGETED_DEVICE_FAMILY = "1,2";
				TEST_TARGET_NAME = TravelApp;
			};
			name = Debug;
		};
		866063D4261B44F400539AEE /* Release */ = {
			isa = XCBuildConfiguration;
			buildSettings = {
				ALWAYS_EMBED_SWIFT_STANDARD_LIBRARIES = YES;
				CODE_SIGN_STYLE = Automatic;
				DEVELOPMENT_TEAM = N96T5K2D2H;
				INFOPLIST_FILE = TravelAppUITests/Info.plist;
				LD_RUNPATH_SEARCH_PATHS = (
					"$(inherited)",
					"@executable_path/Frameworks",
					"@loader_path/Frameworks",
				);
				PRODUCT_BUNDLE_IDENTIFIER = oriapy.TravelAppUITests;
				PRODUCT_NAME = "$(TARGET_NAME)";
				SWIFT_VERSION = 5.0;
				TARGETED_DEVICE_FAMILY = "1,2";
				TEST_TARGET_NAME = TravelApp;
			};
			name = Release;
		};
/* End XCBuildConfiguration section */

/* Begin XCConfigurationList section */
		8660639D261B44F100539AEE /* Build configuration list for PBXProject "TravelApp" */ = {
			isa = XCConfigurationList;
			buildConfigurations = (
				866063CA261B44F400539AEE /* Debug */,
				866063CB261B44F400539AEE /* Release */,
			);
			defaultConfigurationIsVisible = 0;
			defaultConfigurationName = Release;
		};
		866063CC261B44F400539AEE /* Build configuration list for PBXNativeTarget "TravelApp" */ = {
			isa = XCConfigurationList;
			buildConfigurations = (
				866063CD261B44F400539AEE /* Debug */,
				866063CE261B44F400539AEE /* Release */,
			);
			defaultConfigurationIsVisible = 0;
			defaultConfigurationName = Release;
		};
		866063CF261B44F400539AEE /* Build configuration list for PBXNativeTarget "TravelAppTests" */ = {
			isa = XCConfigurationList;
			buildConfigurations = (
				866063D0261B44F400539AEE /* Debug */,
				866063D1261B44F400539AEE /* Release */,
			);
			defaultConfigurationIsVisible = 0;
			defaultConfigurationName = Release;
		};
		866063D2261B44F400539AEE /* Build configuration list for PBXNativeTarget "TravelAppUITests" */ = {
			isa = XCConfigurationList;
			buildConfigurations = (
				866063D3261B44F400539AEE /* Debug */,
				866063D4261B44F400539AEE /* Release */,
			);
			defaultConfigurationIsVisible = 0;
			defaultConfigurationName = Release;
		};
/* End XCConfigurationList section */
	};
	rootObject = 8660639A261B44F100539AEE /* Project object */;
}
